
Microsoft Visual Studio Solution File, Format Version 12.00
# Visual Studio Version 16
VisualStudioVersion = 16.0.29613.14
MinimumVisualStudioVersion = 10.0.40219.1
Project("{FAE04EC0-301F-11D3-BF4B-00C04F79EFBC}") = "FormsMvvm2019.UWP", "FormsMvvm2019\FormsMvvm2019.UWP\FormsMvvm2019.UWP.csproj", "{5831F4FF-7E38-41AD-AF51-E28C36291AD2}"
EndProject
Project("{FAE04EC0-301F-11D3-BF4B-00C04F79EFBC}") = "FormsMvvm2019.Android", "FormsMvvm2019\FormsMvvm2019.Android\FormsMvvm2019.Android.csproj", "{86350362-E6D9-4E30-AA66-6FE51111EF3B}"
EndProject
Project("{FAE04EC0-301F-11D3-BF4B-00C04F79EFBC}") = "FormsMvvm2019.iOS", "FormsMvvm2019\FormsMvvm2019.iOS\FormsMvvm2019.iOS.csproj", "{EABD874A-9C1F-4044-8608-91DD3F69B525}"
EndProject
Project("{9A19103F-16F7-4668-BE54-9A1E7A4F7556}") = "FormsMvvm2019", "FormsMvvm2019\FormsMvvm2019\FormsMvvm2019.csproj", "{D31E51B4-153E-4FFB-AA6C-EDE71F92D4EF}"
EndProject
Project("{FAE04EC0-301F-11D3-BF4B-00C04F79EFBC}") = "NUnitTestProject", "NUnitTestProject\NUnitTestProject.csproj", "{9B3469E9-D709-4879-93E3-1AFF4092085B}"
EndProject
Global
	GlobalSection(SolutionConfigurationPlatforms) = preSolution
		Debug|Any CPU = Debug|Any CPU
		Debug|ARM = Debug|ARM
		Debug|iPhone = Debug|iPhone
		Debug|iPhoneSimulator = Debug|iPhoneSimulator
		Debug|x64 = Debug|x64
		Debug|x86 = Debug|x86
		Release|Any CPU = Release|Any CPU
		Release|ARM = Release|ARM
		Release|iPhone = Release|iPhone
		Release|iPhoneSimulator = Release|iPhoneSimulator
		Release|x64 = Release|x64
		Release|x86 = Release|x86
	EndGlobalSection
	GlobalSection(ProjectConfigurationPlatforms) = postSolution
		{5831F4FF-7E38-41AD-AF51-E28C36291AD2}.Debug|Any CPU.ActiveCfg = Debug|x86
		{5831F4FF-7E38-41AD-AF51-E28C36291AD2}.Debug|Any CPU.Build.0 = Debug|x86
		{5831F4FF-7E38-41AD-AF51-E28C36291AD2}.Debug|Any CPU.Deploy.0 = Debug|x86
		{5831F4FF-7E38-41AD-AF51-E28C36291AD2}.Debug|ARM.ActiveCfg = Debug|ARM
		{5831F4FF-7E38-41AD-AF51-E28C36291AD2}.Debug|ARM.Build.0 = Debug|ARM
		{5831F4FF-7E38-41AD-AF51-E28C36291AD2}.Debug|ARM.Deploy.0 = Debug|ARM
		{5831F4FF-7E38-41AD-AF51-E28C36291AD2}.Debug|iPhone.ActiveCfg = Debug|x86
		{5831F4FF-7E38-41AD-AF51-E28C36291AD2}.Debug|iPhone.Build.0 = Debug|x86
		{5831F4FF-7E38-41AD-AF51-E28C36291AD2}.Debug|iPhone.Deploy.0 = Debug|x86
		{5831F4FF-7E38-41AD-AF51-E28C36291AD2}.Debug|iPhoneSimulator.ActiveCfg = Debug|x86
		{5831F4FF-7E38-41AD-AF51-E28C36291AD2}.Debug|iPhoneSimulator.Build.0 = Debug|x86
		{5831F4FF-7E38-41AD-AF51-E28C36291AD2}.Debug|iPhoneSimulator.Deploy.0 = Debug|x86
		{5831F4FF-7E38-41AD-AF51-E28C36291AD2}.Debug|x64.ActiveCfg = Debug|x64
		{5831F4FF-7E38-41AD-AF51-E28C36291AD2}.Debug|x64.Build.0 = Debug|x64
		{5831F4FF-7E38-41AD-AF51-E28C36291AD2}.Debug|x64.Deploy.0 = Debug|x64
		{5831F4FF-7E38-41AD-AF51-E28C36291AD2}.Debug|x86.ActiveCfg = Debug|x86
		{5831F4FF-7E38-41AD-AF51-E28C36291AD2}.Debug|x86.Build.0 = Debug|x86
		{5831F4FF-7E38-41AD-AF51-E28C36291AD2}.Debug|x86.Deploy.0 = Debug|x86
		{5831F4FF-7E38-41AD-AF51-E28C36291AD2}.Release|Any CPU.ActiveCfg = Release|x86
		{5831F4FF-7E38-41AD-AF51-E28C36291AD2}.Release|Any CPU.Build.0 = Release|x86
		{5831F4FF-7E38-41AD-AF51-E28C36291AD2}.Release|Any CPU.Deploy.0 = Release|x86
		{5831F4FF-7E38-41AD-AF51-E28C36291AD2}.Release|ARM.ActiveCfg = Release|ARM
		{5831F4FF-7E38-41AD-AF51-E28C36291AD2}.Release|ARM.Build.0 = Release|ARM
		{5831F4FF-7E38-41AD-AF51-E28C36291AD2}.Release|ARM.Deploy.0 = Release|ARM
		{5831F4FF-7E38-41AD-AF51-E28C36291AD2}.Release|iPhone.ActiveCfg = Release|x86
		{5831F4FF-7E38-41AD-AF51-E28C36291AD2}.Release|iPhone.Build.0 = Release|x86
		{5831F4FF-7E38-41AD-AF51-E28C36291AD2}.Release|iPhone.Deploy.0 = Release|x86
		{5831F4FF-7E38-41AD-AF51-E28C36291AD2}.Release|iPhoneSimulator.ActiveCfg = Release|x86
		{5831F4FF-7E38-41AD-AF51-E28C36291AD2}.Release|iPhoneSimulator.Build.0 = Release|x86
		{5831F4FF-7E38-41AD-AF51-E28C36291AD2}.Release|iPhoneSimulator.Deploy.0 = Release|x86
		{5831F4FF-7E38-41AD-AF51-E28C36291AD2}.Release|x64.ActiveCfg = Release|x64
		{5831F4FF-7E38-41AD-AF51-E28C36291AD2}.Release|x64.Build.0 = Release|x64
		{5831F4FF-7E38-41AD-AF51-E28C36291AD2}.Release|x64.Deploy.0 = Release|x64
		{5831F4FF-7E38-41AD-AF51-E28C36291AD2}.Release|x86.ActiveCfg = Release|x86
		{5831F4FF-7E38-41AD-AF51-E28C36291AD2}.Release|x86.Build.0 = Release|x86
		{5831F4FF-7E38-41AD-AF51-E28C36291AD2}.Release|x86.Deploy.0 = Release|x86
		{86350362-E6D9-4E30-AA66-6FE51111EF3B}.Debug|Any CPU.ActiveCfg = Debug|Any CPU
		{86350362-E6D9-4E30-AA66-6FE51111EF3B}.Debug|Any CPU.Build.0 = Debug|Any CPU
		{86350362-E6D9-4E30-AA66-6FE51111EF3B}.Debug|Any CPU.Deploy.0 = Debug|Any CPU
		{86350362-E6D9-4E30-AA66-6FE51111EF3B}.Debug|ARM.ActiveCfg = Debug|Any CPU
		{86350362-E6D9-4E30-AA66-6FE51111EF3B}.Debug|ARM.Build.0 = Debug|Any CPU
		{86350362-E6D9-4E30-AA66-6FE51111EF3B}.Debug|ARM.Deploy.0 = Debug|Any CPU
		{86350362-E6D9-4E30-AA66-6FE51111EF3B}.Debug|iPhone.ActiveCfg = Debug|Any CPU
		{86350362-E6D9-4E30-AA66-6FE51111EF3B}.Debug|iPhone.Build.0 = Debug|Any CPU
		{86350362-E6D9-4E30-AA66-6FE51111EF3B}.Debug|iPhone.Deploy.0 = Debug|Any CPU
		{86350362-E6D9-4E30-AA66-6FE51111EF3B}.Debug|iPhoneSimulator.ActiveCfg = Debug|Any CPU
		{86350362-E6D9-4E30-AA66-6FE51111EF3B}.Debug|iPhoneSimulator.Build.0 = Debug|Any CPU
		{86350362-E6D9-4E30-AA66-6FE51111EF3B}.Debug|iPhoneSimulator.Deploy.0 = Debug|Any CPU
		{86350362-E6D9-4E30-AA66-6FE51111EF3B}.Debug|x64.ActiveCfg = Debug|Any CPU
		{86350362-E6D9-4E30-AA66-6FE51111EF3B}.Debug|x64.Build.0 = Debug|Any CPU
		{86350362-E6D9-4E30-AA66-6FE51111EF3B}.Debug|x64.Deploy.0 = Debug|Any CPU
		{86350362-E6D9-4E30-AA66-6FE51111EF3B}.Debug|x86.ActiveCfg = Debug|Any CPU
		{86350362-E6D9-4E30-AA66-6FE51111EF3B}.Debug|x86.Build.0 = Debug|Any CPU
		{86350362-E6D9-4E30-AA66-6FE51111EF3B}.Debug|x86.Deploy.0 = Debug|Any CPU
		{86350362-E6D9-4E30-AA66-6FE51111EF3B}.Release|Any CPU.ActiveCfg = Release|Any CPU
		{86350362-E6D9-4E30-AA66-6FE51111EF3B}.Release|Any CPU.Build.0 = Release|Any CPU
		{86350362-E6D9-4E30-AA66-6FE51111EF3B}.Release|Any CPU.Deploy.0 = Release|Any CPU
		{86350362-E6D9-4E30-AA66-6FE51111EF3B}.Release|ARM.ActiveCfg = Release|Any CPU
		{86350362-E6D9-4E30-AA66-6FE51111EF3B}.Release|ARM.Build.0 = Release|Any CPU
		{86350362-E6D9-4E30-AA66-6FE51111EF3B}.Release|ARM.Deploy.0 = Release|Any CPU
		{86350362-E6D9-4E30-AA66-6FE51111EF3B}.Release|iPhone.ActiveCfg = Release|Any CPU
		{86350362-E6D9-4E30-AA66-6FE51111EF3B}.Release|iPhone.Build.0 = Release|Any CPU
		{86350362-E6D9-4E30-AA66-6FE51111EF3B}.Release|iPhone.Deploy.0 = Release|Any CPU
		{86350362-E6D9-4E30-AA66-6FE51111EF3B}.Release|iPhoneSimulator.ActiveCfg = Release|Any CPU
		{86350362-E6D9-4E30-AA66-6FE51111EF3B}.Release|iPhoneSimulator.Build.0 = Release|Any CPU
		{86350362-E6D9-4E30-AA66-6FE51111EF3B}.Release|iPhoneSimulator.Deploy.0 = Release|Any CPU
		{86350362-E6D9-4E30-AA66-6FE51111EF3B}.Release|x64.ActiveCfg = Release|Any CPU
		{86350362-E6D9-4E30-AA66-6FE51111EF3B}.Release|x64.Build.0 = Release|Any CPU
		{86350362-E6D9-4E30-AA66-6FE51111EF3B}.Release|x64.Deploy.0 = Release|Any CPU
		{86350362-E6D9-4E30-AA66-6FE51111EF3B}.Release|x86.ActiveCfg = Release|Any CPU
		{86350362-E6D9-4E30-AA66-6FE51111EF3B}.Release|x86.Build.0 = Release|Any CPU
		{86350362-E6D9-4E30-AA66-6FE51111EF3B}.Release|x86.Deploy.0 = Release|Any CPU
		{EABD874A-9C1F-4044-8608-91DD3F69B525}.Debug|Any CPU.ActiveCfg = Debug|iPhone
		{EABD874A-9C1F-4044-8608-91DD3F69B525}.Debug|Any CPU.Build.0 = Debug|iPhone
		{EABD874A-9C1F-4044-8608-91DD3F69B525}.Debug|Any CPU.Deploy.0 = Debug|iPhone
		{EABD874A-9C1F-4044-8608-91DD3F69B525}.Debug|ARM.ActiveCfg = Debug|iPhoneSimulator
		{EABD874A-9C1F-4044-8608-91DD3F69B525}.Debug|ARM.Build.0 = Debug|iPhoneSimulator
		{EABD874A-9C1F-4044-8608-91DD3F69B525}.Debug|ARM.Deploy.0 = Debug|iPhoneSimulator
		{EABD874A-9C1F-4044-8608-91DD3F69B525}.Debug|iPhone.ActiveCfg = Debug|iPhone
		{EABD874A-9C1F-4044-8608-91DD3F69B525}.Debug|iPhone.Build.0 = Debug|iPhone
		{EABD874A-9C1F-4044-8608-91DD3F69B525}.Debug|iPhone.Deploy.0 = Debug|iPhone
		{EABD874A-9C1F-4044-8608-91DD3F69B525}.Debug|iPhoneSimulator.ActiveCfg = Debug|iPhoneSimulator
		{EABD874A-9C1F-4044-8608-91DD3F69B525}.Debug|iPhoneSimulator.Build.0 = Debug|iPhoneSimulator
		{EABD874A-9C1F-4044-8608-91DD3F69B525}.Debug|iPhoneSimulator.Deploy.0 = Debug|iPhoneSimulator
		{EABD874A-9C1F-4044-8608-91DD3F69B525}.Debug|x64.ActiveCfg = Debug|iPhone
		{EABD874A-9C1F-4044-8608-91DD3F69B525}.Debug|x64.Build.0 = Debug|iPhone
		{EABD874A-9C1F-4044-8608-91DD3F69B525}.Debug|x64.Deploy.0 = Debug|iPhone
		{EABD874A-9C1F-4044-8608-91DD3F69B525}.Debug|x86.ActiveCfg = Debug|iPhone
		{EABD874A-9C1F-4044-8608-91DD3F69B525}.Debug|x86.Build.0 = Debug|iPhone
		{EABD874A-9C1F-4044-8608-91DD3F69B525}.Debug|x86.Deploy.0 = Debug|iPhone
		{EABD874A-9C1F-4044-8608-91DD3F69B525}.Release|Any CPU.ActiveCfg = Release|iPhone
		{EABD874A-9C1F-4044-8608-91DD3F69B525}.Release|Any CPU.Build.0 = Release|iPhone
		{EABD874A-9C1F-4044-8608-91DD3F69B525}.Release|Any CPU.Deploy.0 = Release|iPhone
		{EABD874A-9C1F-4044-8608-91DD3F69B525}.Release|ARM.ActiveCfg = Release|iPhone
		{EABD874A-9C1F-4044-8608-91DD3F69B525}.Release|ARM.Build.0 = Release|iPhone
		{EABD874A-9C1F-4044-8608-91DD3F69B525}.Release|ARM.Deploy.0 = Release|iPhone
		{EABD874A-9C1F-4044-8608-91DD3F69B525}.Release|iPhone.ActiveCfg = Release|iPhone
		{EABD874A-9C1F-4044-8608-91DD3F69B525}.Release|iPhone.Build.0 = Release|iPhone
		{EABD874A-9C1F-4044-8608-91DD3F69B525}.Release|iPhone.Deploy.0 = Release|iPhone
		{EABD874A-9C1F-4044-8608-91DD3F69B525}.Release|iPhoneSimulator.ActiveCfg = Release|iPhoneSimulator
		{EABD874A-9C1F-4044-8608-91DD3F69B525}.Release|iPhoneSimulator.Build.0 = Release|iPhoneSimulator
		{EABD874A-9C1F-4044-8608-91DD3F69B525}.Release|iPhoneSimulator.Deploy.0 = Release|iPhoneSimulator
		{EABD874A-9C1F-4044-8608-91DD3F69B525}.Release|x64.ActiveCfg = Release|iPhone
		{EABD874A-9C1F-4044-8608-91DD3F69B525}.Release|x64.Build.0 = Release|iPhone
		{EABD874A-9C1F-4044-8608-91DD3F69B525}.Release|x64.Deploy.0 = Release|iPhone
		{EABD874A-9C1F-4044-8608-91DD3F69B525}.Release|x86.ActiveCfg = Release|iPhone
		{EABD874A-9C1F-4044-8608-91DD3F69B525}.Release|x86.Build.0 = Release|iPhone
		{EABD874A-9C1F-4044-8608-91DD3F69B525}.Release|x86.Deploy.0 = Release|iPhone
		{D31E51B4-153E-4FFB-AA6C-EDE71F92D4EF}.Debug|Any CPU.ActiveCfg = Debug|Any CPU
		{D31E51B4-153E-4FFB-AA6C-EDE71F92D4EF}.Debug|Any CPU.Build.0 = Debug|Any CPU
		{D31E51B4-153E-4FFB-AA6C-EDE71F92D4EF}.Debug|Any CPU.Deploy.0 = Debug|Any CPU
		{D31E51B4-153E-4FFB-AA6C-EDE71F92D4EF}.Debug|ARM.ActiveCfg = Debug|Any CPU
		{D31E51B4-153E-4FFB-AA6C-EDE71F92D4EF}.Debug|ARM.Build.0 = Debug|Any CPU
		{D31E51B4-153E-4FFB-AA6C-EDE71F92D4EF}.Debug|ARM.Deploy.0 = Debug|Any CPU
		{D31E51B4-153E-4FFB-AA6C-EDE71F92D4EF}.Debug|iPhone.ActiveCfg = Debug|Any CPU
		{D31E51B4-153E-4FFB-AA6C-EDE71F92D4EF}.Debug|iPhone.Build.0 = Debug|Any CPU
		{D31E51B4-153E-4FFB-AA6C-EDE71F92D4EF}.Debug|iPhone.Deploy.0 = Debug|Any CPU
		{D31E51B4-153E-4FFB-AA6C-EDE71F92D4EF}.Debug|iPhoneSimulator.ActiveCfg = Debug|Any CPU
		{D31E51B4-153E-4FFB-AA6C-EDE71F92D4EF}.Debug|iPhoneSimulator.Build.0 = Debug|Any CPU
		{D31E51B4-153E-4FFB-AA6C-EDE71F92D4EF}.Debug|iPhoneSimulator.Deploy.0 = Debug|Any CPU
		{D31E51B4-153E-4FFB-AA6C-EDE71F92D4EF}.Debug|x64.ActiveCfg = Debug|Any CPU
		{D31E51B4-153E-4FFB-AA6C-EDE71F92D4EF}.Debug|x64.Build.0 = Debug|Any CPU
		{D31E51B4-153E-4FFB-AA6C-EDE71F92D4EF}.Debug|x64.Deploy.0 = Debug|Any CPU
		{D31E51B4-153E-4FFB-AA6C-EDE71F92D4EF}.Debug|x86.ActiveCfg = Debug|Any CPU
		{D31E51B4-153E-4FFB-AA6C-EDE71F92D4EF}.Debug|x86.Build.0 = Debug|Any CPU
		{D31E51B4-153E-4FFB-AA6C-EDE71F92D4EF}.Debug|x86.Deploy.0 = Debug|Any CPU
		{D31E51B4-153E-4FFB-AA6C-EDE71F92D4EF}.Release|Any CPU.ActiveCfg = Release|Any CPU
		{D31E51B4-153E-4FFB-AA6C-EDE71F92D4EF}.Release|Any CPU.Build.0 = Release|Any CPU
		{D31E51B4-153E-4FFB-AA6C-EDE71F92D4EF}.Release|Any CPU.Deploy.0 = Release|Any CPU
		{D31E51B4-153E-4FFB-AA6C-EDE71F92D4EF}.Release|ARM.ActiveCfg = Release|Any CPU
		{D31E51B4-153E-4FFB-AA6C-EDE71F92D4EF}.Release|ARM.Build.0 = Release|Any CPU
		{D31E51B4-153E-4FFB-AA6C-EDE71F92D4EF}.Release|ARM.Deploy.0 = Release|Any CPU
		{D31E51B4-153E-4FFB-AA6C-EDE71F92D4EF}.Release|iPhone.ActiveCfg = Release|Any CPU
		{D31E51B4-153E-4FFB-AA6C-EDE71F92D4EF}.Release|iPhone.Build.0 = Release|Any CPU
		{D31E51B4-153E-4FFB-AA6C-EDE71F92D4EF}.Release|iPhone.Deploy.0 = Release|Any CPU
		{D31E51B4-153E-4FFB-AA6C-EDE71F92D4EF}.Release|iPhoneSimulator.ActiveCfg = Release|Any CPU
		{D31E51B4-153E-4FFB-AA6C-EDE71F92D4EF}.Release|iPhoneSimulator.Build.0 = Release|Any CPU
		{D31E51B4-153E-4FFB-AA6C-EDE71F92D4EF}.Release|iPhoneSimulator.Deploy.0 = Release|Any CPU
		{D31E51B4-153E-4FFB-AA6C-EDE71F92D4EF}.Release|x64.ActiveCfg = Release|Any CPU
		{D31E51B4-153E-4FFB-AA6C-EDE71F92D4EF}.Release|x64.Build.0 = Release|Any CPU
		{D31E51B4-153E-4FFB-AA6C-EDE71F92D4EF}.Release|x64.Deploy.0 = Release|Any CPU
		{D31E51B4-153E-4FFB-AA6C-EDE71F92D4EF}.Release|x86.ActiveCfg = Release|Any CPU
		{D31E51B4-153E-4FFB-AA6C-EDE71F92D4EF}.Release|x86.Build.0 = Release|Any CPU
		{D31E51B4-153E-4FFB-AA6C-EDE71F92D4EF}.Release|x86.Deploy.0 = Release|Any CPU
		{9B3469E9-D709-4879-93E3-1AFF4092085B}.Debug|Any CPU.ActiveCfg = Debug|Any CPU
		{9B3469E9-D709-4879-93E3-1AFF4092085B}.Debug|Any CPU.Build.0 = Debug|Any CPU
		{9B3469E9-D709-4879-93E3-1AFF4092085B}.Debug|ARM.ActiveCfg = Debug|Any CPU
		{9B3469E9-D709-4879-93E3-1AFF4092085B}.Debug|ARM.Build.0 = Debug|Any CPU
		{9B3469E9-D709-4879-93E3-1AFF4092085B}.Debug|iPhone.ActiveCfg = Debug|Any CPU
		{9B3469E9-D709-4879-93E3-1AFF4092085B}.Debug|iPhone.Build.0 = Debug|Any CPU
		{9B3469E9-D709-4879-93E3-1AFF4092085B}.Debug|iPhoneSimulator.ActiveCfg = Debug|Any CPU
		{9B3469E9-D709-4879-93E3-1AFF4092085B}.Debug|iPhoneSimulator.Build.0 = Debug|Any CPU
		{9B3469E9-D709-4879-93E3-1AFF4092085B}.Debug|x64.ActiveCfg = Debug|Any CPU
		{9B3469E9-D709-4879-93E3-1AFF4092085B}.Debug|x64.Build.0 = Debug|Any CPU
		{9B3469E9-D709-4879-93E3-1AFF4092085B}.Debug|x86.ActiveCfg = Debug|Any CPU
		{9B3469E9-D709-4879-93E3-1AFF4092085B}.Debug|x86.Build.0 = Debug|Any CPU
		{9B3469E9-D709-4879-93E3-1AFF4092085B}.Release|Any CPU.ActiveCfg = Release|Any CPU
		{9B3469E9-D709-4879-93E3-1AFF4092085B}.Release|Any CPU.Build.0 = Release|Any CPU
		{9B3469E9-D709-4879-93E3-1AFF4092085B}.Release|ARM.ActiveCfg = Release|Any CPU
		{9B3469E9-D709-4879-93E3-1AFF4092085B}.Release|ARM.Build.0 = Release|Any CPU
		{9B3469E9-D709-4879-93E3-1AFF4092085B}.Release|iPhone.ActiveCfg = Release|Any CPU
		{9B3469E9-D709-4879-93E3-1AFF4092085B}.Release|iPhone.Build.0 = Release|Any CPU
		{9B3469E9-D709-4879-93E3-1AFF4092085B}.Release|iPhoneSimulator.ActiveCfg = Release|Any CPU
		{9B3469E9-D709-4879-93E3-1AFF4092085B}.Release|iPhoneSimulator.Build.0 = Release|Any CPU
		{9B3469E9-D709-4879-93E3-1AFF4092085B}.Release|x64.ActiveCfg = Release|Any CPU
		{9B3469E9-D709-4879-93E3-1AFF4092085B}.Release|x64.Build.0 = Release|Any CPU
		{9B3469E9-D709-4879-93E3-1AFF4092085B}.Release|x86.ActiveCfg = Release|Any CPU
		{9B3469E9-D709-4879-93E3-1AFF4092085B}.Release|x86.Build.0 = Release|Any CPU
	EndGlobalSection
	GlobalSection(SolutionProperties) = preSolution
		HideSolutionNode = FALSE
	EndGlobalSection
	GlobalSection(ExtensibilityGlobals) = postSolution
		SolutionGuid = {534A2C12-5B35-4458-85FC-CD0CD93819AE}
	EndGlobalSection
EndGlobal
